
Microsoft Visual Studio Solution File, Format Version 12.00
# Visual Studio Version 16
VisualStudioVersion = 16.0.31025.194
MinimumVisualStudioVersion = 10.0.40219.1
Project("{888888A0-9F3D-457C-B088-3A5042F75D52}") = "PythonLab2", "PythonLab2\PythonLab2.pyproj", "{D288B452-C106-4F83-B5F5-3812D88FF0A7}"
EndProject
Global
	GlobalSection(SolutionConfigurationPlatforms) = preSolution
		Debug|Any CPU = Debug|Any CPU
		Release|Any CPU = Release|Any CPU
	EndGlobalSection
	GlobalSection(ProjectConfigurationPlatforms) = postSolution
		{D288B452-C106-4F83-B5F5-3812D88FF0A7}.Debug|Any CPU.ActiveCfg = Debug|Any CPU
		{D288B452-C106-4F83-B5F5-3812D88FF0A7}.Release|Any CPU.ActiveCfg = Release|Any CPU
	EndGlobalSection
	GlobalSection(SolutionProperties) = preSolution
		HideSolutionNode = FALSE
	EndGlobalSection
	GlobalSection(ExtensibilityGlobals) = postSolution
		SolutionGuid = {0E2E4B85-43B5-42F4-B7B4-7E0BC0F5B506}
	EndGlobalSection
EndGlobal
