
Microsoft Visual Studio Solution File, Format Version 12.00
# Visual Studio Version 16
VisualStudioVersion = 16.0.31025.194
MinimumVisualStudioVersion = 10.0.40219.1
Project("{888888A0-9F3D-457C-B088-3A5042F75D52}") = "PythonLab3", "PythonLab3\PythonLab3.pyproj", "{D75B311E-414E-49EE-B7D4-B0E256C0E17C}"
EndProject
Global
	GlobalSection(SolutionConfigurationPlatforms) = preSolution
		Debug|Any CPU = Debug|Any CPU
		Release|Any CPU = Release|Any CPU
	EndGlobalSection
	GlobalSection(ProjectConfigurationPlatforms) = postSolution
		{D75B311E-414E-49EE-B7D4-B0E256C0E17C}.Debug|Any CPU.ActiveCfg = Debug|Any CPU
		{D75B311E-414E-49EE-B7D4-B0E256C0E17C}.Release|Any CPU.ActiveCfg = Release|Any CPU
	EndGlobalSection
	GlobalSection(SolutionProperties) = preSolution
		HideSolutionNode = FALSE
	EndGlobalSection
	GlobalSection(ExtensibilityGlobals) = postSolution
		SolutionGuid = {E2AFF86B-AA77-4778-A46C-C22E1ABC6FB6}
	EndGlobalSection
EndGlobal
